
Microsoft Visual Studio Solution File, Format Version 12.00
# Visual Studio Version 17
VisualStudioVersion = 17.7.34031.279
MinimumVisualStudioVersion = 10.0.40219.1
Project("{FAE04EC0-301F-11D3-BF4B-00C04F79EFBC}") = "Tarea 2 Eduardo Espinoza", "Tarea 2 Eduardo Espinoza\Tarea 2 Eduardo Espinoza.csproj", "{2956804E-075A-46AF-B3CE-2067905585DF}"
EndProject
Global
	GlobalSection(SolutionConfigurationPlatforms) = preSolution
		Debug|Any CPU = Debug|Any CPU
		Release|Any CPU = Release|Any CPU
	EndGlobalSection
	GlobalSection(ProjectConfigurationPlatforms) = postSolution
		{2956804E-075A-46AF-B3CE-2067905585DF}.Debug|Any CPU.ActiveCfg = Debug|Any CPU
		{2956804E-075A-46AF-B3CE-2067905585DF}.Debug|Any CPU.Build.0 = Debug|Any CPU
		{2956804E-075A-46AF-B3CE-2067905585DF}.Release|Any CPU.ActiveCfg = Release|Any CPU
		{2956804E-075A-46AF-B3CE-2067905585DF}.Release|Any CPU.Build.0 = Release|Any CPU
	EndGlobalSection
	GlobalSection(SolutionProperties) = preSolution
		HideSolutionNode = FALSE
	EndGlobalSection
	GlobalSection(ExtensibilityGlobals) = postSolution
		SolutionGuid = {99951774-D6A0-4CF1-A78D-1E4B1D34CD29}
	EndGlobalSection
EndGlobal
